Microsoft Visual Studio Solution File, Format Version 12.00
# Visual Studio Version 17
VisualStudioVersion = 17.14.35821.62
MinimumVisualStudioVersion = 10.0.40219.1
Project("{FAE04EC0-301F-11D3-BF4B-00C04F79EFBC}") = "Chapi", "Chapi\Chapi.csproj", "{D829A397-4A58-4123-B5FF-C11EE0BCDB03}"
EndProject
Global
	GlobalSection(SolutionConfigurationPlatforms) = preSolution
		Debug|Any CPU = Debug|Any CPU
		Release|Any CPU = Release|Any CPU
	EndGlobalSection
	GlobalSection(ProjectConfigurationPlatforms) = postSolution
		{D829A397-4A58-4123-B5FF-C11EE0BCDB03}.Debug|Any CPU.ActiveCfg = Debug|Any CPU
		{D829A397-4A58-4123-B5FF-C11EE0BCDB03}.Debug|Any CPU.Build.0 = Debug|Any CPU
		{D829A397-4A58-4123-B5FF-C11EE0BCDB03}.Release|Any CPU.ActiveCfg = Release|Any CPU
		{D829A397-4A58-4123-B5FF-C11EE0BCDB03}.Release|Any CPU.Build.0 = Release|Any CPU
	EndGlobalSection
	GlobalSection(SolutionProperties) = preSolution
		HideSolutionNode = FALSE
	EndGlobalSection
	GlobalSection(ExtensibilityGlobals) = postSolution
		SolutionGuid = {DBFA109D-47B2-441B-9364-9D340499AB68}
	EndGlobalSection
EndGlobal
